
Microsoft Visual Studio Solution File, Format Version 12.00
# Visual Studio Version 16
VisualStudioVersion = 16.0.31005.135
MinimumVisualStudioVersion = 10.0.40219.1
Project("{FAE04EC0-301F-11D3-BF4B-00C04F79EFBC}") = "WpfTBQuestGame.S2", "WpfTBQuestGame.S2.csproj", "{82DC7C07-2BA0-42EB-9EB0-E880910D537E}"
EndProject
Project("{FAE04EC0-301F-11D3-BF4B-00C04F79EFBC}") = "WpfTBQuestGame.S3", "..\WpfTBQuestGame.S3\WpfTBQuestGame.S3\WpfTBQuestGame.S3.csproj", "{7F0AF7FB-329E-4BA8-8946-191CD6549A43}"
EndProject
Global
	GlobalSection(SolutionConfigurationPlatforms) = preSolution
		Debug|Any CPU = Debug|Any CPU
		Release|Any CPU = Release|Any CPU
	EndGlobalSection
	GlobalSection(ProjectConfigurationPlatforms) = postSolution
		{82DC7C07-2BA0-42EB-9EB0-E880910D537E}.Debug|Any CPU.ActiveCfg = Debug|Any CPU
		{82DC7C07-2BA0-42EB-9EB0-E880910D537E}.Debug|Any CPU.Build.0 = Debug|Any CPU
		{82DC7C07-2BA0-42EB-9EB0-E880910D537E}.Release|Any CPU.ActiveCfg = Release|Any CPU
		{82DC7C07-2BA0-42EB-9EB0-E880910D537E}.Release|Any CPU.Build.0 = Release|Any CPU
		{7F0AF7FB-329E-4BA8-8946-191CD6549A43}.Debug|Any CPU.ActiveCfg = Debug|Any CPU
		{7F0AF7FB-329E-4BA8-8946-191CD6549A43}.Debug|Any CPU.Build.0 = Debug|Any CPU
		{7F0AF7FB-329E-4BA8-8946-191CD6549A43}.Release|Any CPU.ActiveCfg = Release|Any CPU
		{7F0AF7FB-329E-4BA8-8946-191CD6549A43}.Release|Any CPU.Build.0 = Release|Any CPU
	EndGlobalSection
	GlobalSection(SolutionProperties) = preSolution
		HideSolutionNode = FALSE
	EndGlobalSection
	GlobalSection(ExtensibilityGlobals) = postSolution
		SolutionGuid = {5FBB7BC9-3931-4021-B9A9-6B0C56F4D2C0}
	EndGlobalSection
EndGlobal
